lockfileVersion: '9.0'

settings:
  autoInstallPeers: true
  excludeLinksFromLockfile: false

importers:

  .:
    devDependencies:
      sass:
        specifier: ^1.79.2
        version: 1.79.2

packages:

  chokidar@4.0.0:
    resolution: {integrity: sha512-mxIojEAQcuEvT/lyXq+jf/3cO/KoA6z4CeNDGGevTybECPOMFCnQy3OPahluUkbqgPNGw5Bi78UC7Po6Lhy+NA==}
    engines: {node: '>= 14.16.0'}

  immutable@4.3.7:
    resolution: {integrity: sha512-1hqclzwYwjRDFLjcFxOM5AYkkG0rpFPpr1RLPMEuGczoS7YA8gLhy8SWXYRAA/XwfEHpfo3cw5JGioS32fnMRw==}

  readdirp@4.0.1:
    resolution: {integrity: sha512-GkMg9uOTpIWWKbSsgwb5fA4EavTR+SG/PMPoAY8hkhHfEEY0/vqljY+XHqtDf2cr2IJtoNRDbrrEpZUiZCkYRw==}
    engines: {node: '>= 14.16.0'}

  sass@1.79.2:
    resolution: {integrity: sha512-YmT1aoF1MwHsZEu/eXhbAJNsPGAhNP4UixW9ckEwWCvPcVdVF0/C104OGDVEqtoctKq0N+wM20O/rj+sSPsWeg==}
    engines: {node: '>=14.0.0'}
    hasBin: true

  source-map-js@1.2.1:
    resolution: {integrity: sha512-UXWMKhLOwVKb728IUtQPXxfYU+usdybtUrK/8uGE8CQMvrhOpwvzDBwj0QhSL7MQc7vIsISBG8VQ8+IDQxpfQA==}
    engines: {node: '>=0.10.0'}

snapshots:

  chokidar@4.0.0:
    dependencies:
      readdirp: 4.0.1

  immutable@4.3.7: {}

  readdirp@4.0.1: {}

  sass@1.79.2:
    dependencies:
      chokidar: 4.0.0
      immutable: 4.3.7
      source-map-js: 1.2.1

  source-map-js@1.2.1: {}
